
Microsoft Visual Studio Solution File, Format Version 12.00
# Visual Studio Version 16
VisualStudioVersion = 16.0.31321.278
MinimumVisualStudioVersion = 10.0.40219.1
Project("{FAE04EC0-301F-11D3-BF4B-00C04F79EFBC}") = "FilmsMVC", "FilmsMVC\FilmsMVC.csproj", "{76E76A39-8A1B-431D-812F-85AEB8CA3D0C}"
EndProject
Global
	GlobalSection(SolutionConfigurationPlatforms) = preSolution
		Debug|Any CPU = Debug|Any CPU
		Release|Any CPU = Release|Any CPU
	EndGlobalSection
	GlobalSection(ProjectConfigurationPlatforms) = postSolution
		{76E76A39-8A1B-431D-812F-85AEB8CA3D0C}.Debug|Any CPU.ActiveCfg = Debug|Any CPU
		{76E76A39-8A1B-431D-812F-85AEB8CA3D0C}.Debug|Any CPU.Build.0 = Debug|Any CPU
		{76E76A39-8A1B-431D-812F-85AEB8CA3D0C}.Release|Any CPU.ActiveCfg = Release|Any CPU
		{76E76A39-8A1B-431D-812F-85AEB8CA3D0C}.Release|Any CPU.Build.0 = Release|Any CPU
	EndGlobalSection
	GlobalSection(SolutionProperties) = preSolution
		HideSolutionNode = FALSE
	EndGlobalSection
	GlobalSection(ExtensibilityGlobals) = postSolution
		SolutionGuid = {54B0D35F-CEBC-4E11-8AD6-06AE7453923D}
	EndGlobalSection
EndGlobal
